
Microsoft Visual Studio Solution File, Format Version 12.00
# Visual Studio Version 17
VisualStudioVersion = 17.9.34622.214
MinimumVisualStudioVersion = 10.0.40219.1
Project("{9A19103F-16F7-4668-BE54-9A1E7A4F7556}") = "lab8_1", "lab8_1\lab8_1.csproj", "{04D01B54-31CE-4F8A-843F-0E095BED67A1}"
EndProject
Project("{FAE04EC0-301F-11D3-BF4B-00C04F79EFBC}") = "labs23", "labs23\labs23.csproj", "{B116FC07-7C29-4B57-8A0C-AA068AA54CBC}"
EndProject
Global
	GlobalSection(SolutionConfigurationPlatforms) = preSolution
		Debug|Any CPU = Debug|Any CPU
		Release|Any CPU = Release|Any CPU
	EndGlobalSection
	GlobalSection(ProjectConfigurationPlatforms) = postSolution
		{04D01B54-31CE-4F8A-843F-0E095BED67A1}.Debug|Any CPU.ActiveCfg = Debug|Any CPU
		{04D01B54-31CE-4F8A-843F-0E095BED67A1}.Debug|Any CPU.Build.0 = Debug|Any CPU
		{04D01B54-31CE-4F8A-843F-0E095BED67A1}.Release|Any CPU.ActiveCfg = Release|Any CPU
		{04D01B54-31CE-4F8A-843F-0E095BED67A1}.Release|Any CPU.Build.0 = Release|Any CPU
		{B116FC07-7C29-4B57-8A0C-AA068AA54CBC}.Debug|Any CPU.ActiveCfg = Debug|Any CPU
		{B116FC07-7C29-4B57-8A0C-AA068AA54CBC}.Debug|Any CPU.Build.0 = Debug|Any CPU
		{B116FC07-7C29-4B57-8A0C-AA068AA54CBC}.Release|Any CPU.ActiveCfg = Release|Any CPU
		{B116FC07-7C29-4B57-8A0C-AA068AA54CBC}.Release|Any CPU.Build.0 = Release|Any CPU
	EndGlobalSection
	GlobalSection(SolutionProperties) = preSolution
		HideSolutionNode = FALSE
	EndGlobalSection
	GlobalSection(ExtensibilityGlobals) = postSolution
		SolutionGuid = {FD7C5869-B650-4623-A744-DB37EE50E37C}
	EndGlobalSection
EndGlobal
